# This file is automatically @generated by Cargo.
# It is not intended for manual editing.
version = 3

[[package]]
name = "dos-cp"
version = "0.0.2"
source = "registry+https://github.com/rust-lang/crates.io-index"
checksum = "d3d029ee0f63b834b29220510d82bd11b7677ca4c2c68e8eeefdb54ebdc3f8bd"

[[package]]
name = "dos-cp-generator"
version = "0.0.2"
source = "registry+https://github.com/rust-lang/crates.io-index"
checksum = "a9fa22428e63de051fec92e470e575987b9fcb17f52c599d1533b364cf9a7d44"
dependencies = [
 "dos-cp",
]

[[package]]
name = "rlibc"
version = "1.0.0"
source = "registry+https://github.com/rust-lang/crates.io-index"
checksum = "fc874b127765f014d792f16763a81245ab80500e2ad921ed4ee9e82481ee08fe"

[[package]]
name = "tstdos32"
version = "0.0.0"
dependencies = [
 "dos-cp",
 "dos-cp-generator",
 "rlibc",
]
